
Microsoft Visual Studio Solution File, Format Version 12.00
# Visual Studio Version 17
VisualStudioVersion = 17.0.32112.339
MinimumVisualStudioVersion = 10.0.40219.1
Project("{FAE04EC0-301F-11D3-BF4B-00C04F79EFBC}") = "MyNotes.BusinessLayer", "MyNotes.BusinessLayer\MyNotes.BusinessLayer.csproj", "{03C8745E-5DBC-419B-BC04-B0A0ABD3FBC6}"
EndProject
Project("{FAE04EC0-301F-11D3-BF4B-00C04F79EFBC}") = "MyNotes.DataAccessLayer", "MyNotes.DataAccessLayer\MyNotes.DataAccessLayer.csproj", "{E6091B72-7641-4F8E-A462-7185B428B4D1}"
EndProject
Project("{FAE04EC0-301F-11D3-BF4B-00C04F79EFBC}") = "MyNotes.EntityLayer", "MyNotes.EntityLayer\MyNotes.EntityLayer.csproj", "{E539AEF8-7F7B-4ADE-B649-73D9917DD652}"
EndProject
Project("{FAE04EC0-301F-11D3-BF4B-00C04F79EFBC}") = "MyNotes.MVC", "MyNotes.MVC\MyNotes.MVC.csproj", "{4EC40868-8622-49BA-A307-25E1BC73F81B}"
EndProject
Project("{FAE04EC0-301F-11D3-BF4B-00C04F79EFBC}") = "MyNotes.CoreLayer", "MyNotes.CoreLayer\MyNotes.CoreLayer.csproj", "{4883FABE-6DF2-417D-BA7E-043D100EC318}"
EndProject
Global
	GlobalSection(SolutionConfigurationPlatforms) = preSolution
		Debug|Any CPU = Debug|Any CPU
		Release|Any CPU = Release|Any CPU
	EndGlobalSection
	GlobalSection(ProjectConfigurationPlatforms) = postSolution
		{03C8745E-5DBC-419B-BC04-B0A0ABD3FBC6}.Debug|Any CPU.ActiveCfg = Debug|Any CPU
		{03C8745E-5DBC-419B-BC04-B0A0ABD3FBC6}.Debug|Any CPU.Build.0 = Debug|Any CPU
		{03C8745E-5DBC-419B-BC04-B0A0ABD3FBC6}.Release|Any CPU.ActiveCfg = Release|Any CPU
		{03C8745E-5DBC-419B-BC04-B0A0ABD3FBC6}.Release|Any CPU.Build.0 = Release|Any CPU
		{E6091B72-7641-4F8E-A462-7185B428B4D1}.Debug|Any CPU.ActiveCfg = Debug|Any CPU
		{E6091B72-7641-4F8E-A462-7185B428B4D1}.Debug|Any CPU.Build.0 = Debug|Any CPU
		{E6091B72-7641-4F8E-A462-7185B428B4D1}.Release|Any CPU.ActiveCfg = Release|Any CPU
		{E6091B72-7641-4F8E-A462-7185B428B4D1}.Release|Any CPU.Build.0 = Release|Any CPU
		{E539AEF8-7F7B-4ADE-B649-73D9917DD652}.Debug|Any CPU.ActiveCfg = Debug|Any CPU
		{E539AEF8-7F7B-4ADE-B649-73D9917DD652}.Debug|Any CPU.Build.0 = Debug|Any CPU
		{E539AEF8-7F7B-4ADE-B649-73D9917DD652}.Release|Any CPU.ActiveCfg = Release|Any CPU
		{E539AEF8-7F7B-4ADE-B649-73D9917DD652}.Release|Any CPU.Build.0 = Release|Any CPU
		{4EC40868-8622-49BA-A307-25E1BC73F81B}.Debug|Any CPU.ActiveCfg = Debug|Any CPU
		{4EC40868-8622-49BA-A307-25E1BC73F81B}.Debug|Any CPU.Build.0 = Debug|Any CPU
		{4EC40868-8622-49BA-A307-25E1BC73F81B}.Release|Any CPU.ActiveCfg = Release|Any CPU
		{4EC40868-8622-49BA-A307-25E1BC73F81B}.Release|Any CPU.Build.0 = Release|Any CPU
		{4883FABE-6DF2-417D-BA7E-043D100EC318}.Debug|Any CPU.ActiveCfg = Debug|Any CPU
		{4883FABE-6DF2-417D-BA7E-043D100EC318}.Debug|Any CPU.Build.0 = Debug|Any CPU
		{4883FABE-6DF2-417D-BA7E-043D100EC318}.Release|Any CPU.ActiveCfg = Release|Any CPU
		{4883FABE-6DF2-417D-BA7E-043D100EC318}.Release|Any CPU.Build.0 = Release|Any CPU
	EndGlobalSection
	GlobalSection(SolutionProperties) = preSolution
		HideSolutionNode = FALSE
	EndGlobalSection
	GlobalSection(ExtensibilityGlobals) = postSolution
		SolutionGuid = {56B5E67E-2437-43DD-88C0-AA9499284A94}
	EndGlobalSection
EndGlobal
